
Microsoft Visual Studio Solution File, Format Version 12.00
# Visual Studio Version 17
VisualStudioVersion = 17.11.35222.181
MinimumVisualStudioVersion = 10.0.40219.1
Project("{FAE04EC0-301F-11D3-BF4B-00C04F79EFBC}") = "BaiTapKiemTra01", "BaiTapKiemTra01.csproj", "{5FCDFB89-5A15-4180-8F13-D84BF340A017}"
EndProject
Global
	GlobalSection(SolutionConfigurationPlatforms) = preSolution
		Debug|Any CPU = Debug|Any CPU
		Release|Any CPU = Release|Any CPU
	EndGlobalSection
	GlobalSection(ProjectConfigurationPlatforms) = postSolution
		{5FCDFB89-5A15-4180-8F13-D84BF340A017}.Debug|Any CPU.ActiveCfg = Debug|Any CPU
		{5FCDFB89-5A15-4180-8F13-D84BF340A017}.Debug|Any CPU.Build.0 = Debug|Any CPU
		{5FCDFB89-5A15-4180-8F13-D84BF340A017}.Release|Any CPU.ActiveCfg = Release|Any CPU
		{5FCDFB89-5A15-4180-8F13-D84BF340A017}.Release|Any CPU.Build.0 = Release|Any CPU
	EndGlobalSection
	GlobalSection(SolutionProperties) = preSolution
		HideSolutionNode = FALSE
	EndGlobalSection
	GlobalSection(ExtensibilityGlobals) = postSolution
		SolutionGuid = {ECC49B97-AE62-4923-B9FD-873F5BA021E8}
	EndGlobalSection
EndGlobal
